{
  "nodes": {
    "agenix": {
      "inputs": {
        "darwin": "darwin",
        "home-manager": "home-manager",
        "nixpkgs": [
          "nixpkgs"
        ],
        "systems": "systems"
      },
      "locked": {
        "lastModified": 1770165109,
        "narHash": "sha256-9VnK6Oqai65puVJ4WYtCTvlJeXxMzAp/69HhQuTdl/I=",
        "owner": "ryantm",
        "repo": "agenix",
        "rev": "b027ee29d959fda4b60b57566d64c98a202e0feb",
        "type": "github"
      },
      "original": {
        "owner": "ryantm",
        "repo": "agenix",
        "type": "github"
      }
    },
    "album-downloader": {
      "inputs": {
        "bandsnatch": "bandsnatch",
        "nixpkgs": [
          "nixpkgs"
        ]
      },
      "locked": {
        "path": "./pkgs/album-downloader",
        "type": "path"
      },
      "original": {
        "path": "./pkgs/album-downloader",
        "type": "path"
      },
      "parent": []
    },
    "bandsnatch": {
      "inputs": {
        "fenix": "fenix",
        "naersk": "naersk",
        "nixpkgs": "nixpkgs_3"
      },
      "locked": {
        "lastModified": 1769936229,
        "narHash": "sha256-l0zZlo2FCbpYLXJDitXgj5q8LBDrybAZ0ZpUuj/SFvs=",
        "owner": "Ovyerus",
        "repo": "bandsnatch",
        "rev": "64325343e3f92452e0a2539083c274dc284aa3ba",
        "type": "github"
      },
      "original": {
        "owner": "Ovyerus",
        "repo": "bandsnatch",
        "type": "github"
      }
    },
    "christiansandberg-website": {
      "flake": false,
      "locked": {
        "lastModified": 1774289335,
        "narHash": "sha256-KuwmBEHgjfQmZdUOKQkeZ0aeDOQvtjwQR3hPQgS9omo=",
        "ref": "refs/heads/main",
        "rev": "892d5f4a781b3cfe931611ab58fd3ac9f79ef9e9",
        "revCount": 1,
        "type": "git",
        "url": "ssh://git@github.com/llego/christiansandberg.fi.git"
      },
      "original": {
        "type": "git",
        "url": "ssh://git@github.com/llego/christiansandberg.fi.git"
      }
    },
    "darwin": {
      "inputs": {
        "nixpkgs": [
          "agenix",
          "nixpkgs"
        ]
      },
      "locked": {
        "lastModified": 1744478979,
        "narHash": "sha256-dyN+teG9G82G+m+PX/aSAagkC+vUv0SgUw3XkPhQodQ=",
        "owner": "lnl7",
        "repo": "nix-darwin",
        "rev": "43975d782b418ebf4969e9ccba82466728c2851b",
        "type": "github"
      },
      "original": {
        "owner": "lnl7",
        "ref": "master",
        "repo": "nix-darwin",
        "type": "github"
      }
    },
    "devshell": {
      "inputs": {
        "nixpkgs": [
          "headplane",
          "nixpkgs"
        ]
      },
      "locked": {
        "lastModified": 1768818222,
        "narHash": "sha256-460jc0+CZfyaO8+w8JNtlClB2n4ui1RbHfPTLkpwhU8=",
        "owner": "numtide",
        "repo": "devshell",
        "rev": "255a2b1725a20d060f566e4755dbf571bbbb5f76",
        "type": "github"
      },
      "original": {
        "owner": "numtide",
        "repo": "devshell",
        "type": "github"
      }
    },
    "disko": {
      "inputs": {
        "nixpkgs": [
          "nixpkgs"
        ]
      },
      "locked": {
        "lastModified": 1781152676,
        "narHash": "sha256-RxWs5ND31KzTG7wvMM+PMfUjyNpmIEr999lqNARaM5o=",
        "owner": "nix-community",
        "repo": "disko",
        "rev": "ff8702b4de27f72b4c78573dfb89ec74e36abdf1",
        "type": "github"
      },
      "original": {
        "owner": "nix-community",
        "repo": "disko",
        "type": "github"
      }
    },
    "fenix": {
      "inputs": {
        "nixpkgs": "nixpkgs",
        "rust-analyzer-src": "rust-analyzer-src"
      },
      "locked": {
        "lastModified": 1735021898,
        "narHash": "sha256-Y04+5ZiYWRAciEDoTV/rXArxfI2NwvcvfhXlLJrq3/o=",
        "owner": "nix-community",
        "repo": "fenix",
        "rev": "2f200599e9753f3766a5a21e344a770a5d62226f",
        "type": "github"
      },
      "original": {
        "owner": "nix-community",
        "repo": "fenix",
        "type": "github"
      }
    },
    "flake-utils": {
      "inputs": {
        "systems": "systems_2"
      },
      "locked": {
        "lastModified": 1731533236,
        "narHash": "sha256-l0KFg5HjrsfsO/JpG+r7fRrqm12kzFHyUHqHCVpMMbI=",
        "owner": "numtide",
        "repo": "flake-utils",
        "rev": "11707dc2f618dd54ca8739b309ec4fc024de578b",
        "type": "github"
      },
      "original": {
        "owner": "numtide",
        "repo": "flake-utils",
        "type": "github"
      }
    },
    "headplane": {
      "inputs": {
        "devshell": "devshell",
        "flake-utils": "flake-utils",
        "nixpkgs": [
          "nixpkgs"
        ]
      },
      "locked": {
        "lastModified": 1787947086,
        "narHash": "sha256-t4h6ZKnz92VFBAWPFYQfqBA+zIb1wkvLXugG+gYeGco=",
        "owner": "tale",
        "repo": "headplane",
        "rev": "72ea6aa0b3b713ac3c23b4978e3e259d1ad1fd2f",
        "type": "github"
      },
      "original": {
        "owner": "tale",
        "repo": "headplane",
        "type": "github"
      }
    },
    "hetzner_ddns": {
      "flake": false,
      "locked": {
        "lastModified": 1783098015,
        "narHash": "sha256-+c0nkvpXslodMc7eVaIKU+WZdDzPYJ5I1ajwoZ/nowM=",
        "owner": "filiparag",
        "repo": "hetzner_ddns",
        "rev": "4da7eb9d2f261d6105b5344eefb0c10c888d8e00",
        "type": "github"
      },
      "original": {
        "owner": "filiparag",
        "repo": "hetzner_ddns",
        "type": "github"
      }
    },
    "hjem": {
      "inputs": {
        "nixpkgs": [
          "nixpkgs"
        ]
      },
      "locked": {
        "lastModified": 1787500880,
        "narHash": "sha256-UrAlku7KST0DT+j1bdVGYI8tCz23PWL88uGMer3IZ2U=",
        "owner": "feel-co",
        "repo": "hjem",
        "rev": "d248f0e4f7abd6e1f0eb9ace778dd7928481943e",
        "type": "github"
      },
      "original": {
        "owner": "feel-co",
        "repo": "hjem",
        "type": "github"
      }
    },
    "hjem-impure": {
      "inputs": {
        "hjem": [],
        "nixpkgs": []
      },
      "locked": {
        "lastModified": 1786164166,
        "narHash": "sha256-2S8BRs/a9ElePH7o7LSTib4t/oQ0p9sn/qjAP6BmTK8=",
        "owner": "Rexcrazy804",
        "repo": "hjem-impure",
        "rev": "206320fa7d060232f19c4d2831e66471d8e5d161",
        "type": "github"
      },
      "original": {
        "owner": "Rexcrazy804",
        "repo": "hjem-impure",
        "type": "github"
      }
    },
    "home-manager": {
      "inputs": {
        "nixpkgs": [
          "agenix",
          "nixpkgs"
        ]
      },
      "locked": {
        "lastModified": 1745494811,
        "narHash": "sha256-YZCh2o9Ua1n9uCvrvi5pRxtuVNml8X2a03qIFfRKpFs=",
        "owner": "nix-community",
        "repo": "home-manager",
        "rev": "abfad3d2958c9e6300a883bd443512c55dfeb1be",
        "type": "github"
      },
      "original": {
        "owner": "nix-community",
        "repo": "home-manager",
        "type": "github"
      }
    },
    "libcamera-src": {
      "flake": false,
      "locked": {
        "lastModified": 1725630279,
        "narHash": "sha256-KH30jmHfxXq4j2CL7kv18DYECJRp9ECuWNPnqPZajPA=",
        "owner": "raspberrypi",
        "repo": "libcamera",
        "rev": "69a894c4adad524d3063dd027f5c4774485cf9db",
        "type": "github"
      },
      "original": {
        "owner": "raspberrypi",
        "repo": "libcamera",
        "rev": "69a894c4adad524d3063dd027f5c4774485cf9db",
        "type": "github"
      }
    },
    "libpisp-src": {
      "flake": false,
      "locked": {
        "lastModified": 1724944683,
        "narHash": "sha256-Fo2UJmQHS855YSSKKmGrsQnJzXog1cdpkIOO72yYAM4=",
        "owner": "raspberrypi",
        "repo": "libpisp",
        "rev": "28196ed6edcfeda88d23cc5f213d51aa6fa17bb3",
        "type": "github"
      },
      "original": {
        "owner": "raspberrypi",
        "ref": "v1.0.7",
        "repo": "libpisp",
        "type": "github"
      }
    },
    "naersk": {
      "inputs": {
        "nixpkgs": "nixpkgs_2"
      },
      "locked": {
        "lastModified": 1733346208,
        "narHash": "sha256-a4WZp1xQkrnA4BbnKrzJNr+dYoQr5Xneh2syJoddFyE=",
        "owner": "nix-community",
        "repo": "naersk",
        "rev": "378614f37a6bee5a3f2ef4f825a73d948d3ae921",
        "type": "github"
      },
      "original": {
        "owner": "nix-community",
        "ref": "master",
        "repo": "naersk",
        "type": "github"
      }
    },
    "nixpkgs": {
      "locked": {
        "lastModified": 1734649271,
        "narHash": "sha256-4EVBRhOjMDuGtMaofAIqzJbg4Ql7Ai0PSeuVZTHjyKQ=",
        "owner": "nixos",
        "repo": "nixpkgs",
        "rev": "d70bd19e0a38ad4790d3913bf08fcbfc9eeca507",
        "type": "github"
      },
      "original": {
        "owner": "nixos",
        "ref": "nixos-unstable",
        "repo": "nixpkgs",
        "type": "github"
      }
    },
    "nixpkgs-unstable": {
      "locked": {
        "lastModified": 1788179007,
        "narHash": "sha256-hn1oU2rue2SYK8dAr8+WNZWtbsz1S2W5mnHlSEuh3bo=",
        "owner": "nixos",
        "repo": "nixpkgs",
        "rev": "34ab99075ac4f7e40cf037eef32cb1c360bb85e9",
        "type": "github"
      },
      "original": {
        "owner": "nixos",
        "ref": "nixos-unstable",
        "repo": "nixpkgs",
        "type": "github"
      }
    },
    "nixpkgs_2": {
      "locked": {
        "lastModified": 1734988233,
        "narHash": "sha256-Ucfnxq1rF/GjNP3kTL+uTfgdoE9a3fxDftSfeLIS8mA=",
        "owner": "NixOS",
        "repo": "nixpkgs",
        "rev": "de1864217bfa9b5845f465e771e0ecb48b30e02d",
        "type": "github"
      },
      "original": {
        "id": "nixpkgs",
        "type": "indirect"
      }
    },
    "nixpkgs_3": {
      "locked": {
        "lastModified": 1785318670,
        "narHash": "sha256-dN6Ou5x/+23FZLEpYP3IffO+NyJFzUlGumt1uu3MMaY=",
        "owner": "NixOS",
        "repo": "nixpkgs",
        "rev": "0954f7ee2f6bb3dc7d4e3d0d8bcb8fd4bde4cfc5",
        "type": "github"
      },
      "original": {
        "owner": "NixOS",
        "ref": "nixos-unstable",
        "repo": "nixpkgs",
        "type": "github"
      }
    },
    "nixpkgs_4": {
      "locked": {
        "lastModified": 1788297115,
        "narHash": "sha256-Z+vUNbfd2FIKkWOTkcT7RYlh3oFCnig/d2eXD1SWf2E=",
        "owner": "nixos",
        "repo": "nixpkgs",
        "rev": "a3116115851d68b8952a2a4221cc25a84e56b532",
        "type": "github"
      },
      "original": {
        "owner": "nixos",
        "ref": "nixos-26.05",
        "repo": "nixpkgs",
        "type": "github"
      }
    },
    "nixpkgs_5": {
      "locked": {
        "lastModified": 1787900134,
        "narHash": "sha256-5GWj0FI2uOwKNpXkmpWrSFDe1rCaNBCUQ8d+HDtFQPI=",
        "rev": "83199d0d373dd3ac2b9a1996b1d0263f76ab7a4c",
        "type": "tarball",
        "url": "https://releases.nixos.org/nixos/unstable/nixos-26.11pre1063296.83199d0d373d/nixexprs.tar.zst"
      },
      "original": {
        "type": "tarball",
        "url": "https://channels.nixos.org/nixos-unstable/nixexprs.tar.zst"
      }
    },
    "nixpkgs_6": {
      "locked": {
        "lastModified": 1736061677,
        "narHash": "sha256-DjkQPnkAfd7eB522PwnkGhOMuT9QVCZspDpJJYyOj60=",
        "owner": "NixOS",
        "repo": "nixpkgs",
        "rev": "cbd8ec4de4469333c82ff40d057350c30e9f7d36",
        "type": "github"
      },
      "original": {
        "owner": "NixOS",
        "ref": "nixos-24.11",
        "repo": "nixpkgs",
        "type": "github"
      }
    },
    "noctalia": {
      "inputs": {
        "nixpkgs": "nixpkgs_5"
      },
      "locked": {
        "lastModified": 1788404626,
        "narHash": "sha256-aJjQhcVJTXyES4G0LrmmlnkGFOzt3CpMIg8JdUdKfWU=",
        "owner": "noctalia-dev",
        "repo": "noctalia",
        "rev": "a1a0e0ffc841af1f77901bc7ebc81c104ed8d56e",
        "type": "github"
      },
      "original": {
        "owner": "noctalia-dev",
        "ref": "cachix",
        "repo": "noctalia",
        "type": "github"
      }
    },
    "noctalia-greeter": {
      "inputs": {
        "nixpkgs": [
          "nixpkgs"
        ]
      },
      "locked": {
        "lastModified": 1788336398,
        "narHash": "sha256-1ZdtgBwndNHDltX8J7DLLl2/LBgywQhmt1JNcanfeMA=",
        "owner": "noctalia-dev",
        "repo": "noctalia-greeter",
        "rev": "6379fe287bb02b0bb538ad155fe18b1bf8615daf",
        "type": "github"
      },
      "original": {
        "owner": "noctalia-dev",
        "repo": "noctalia-greeter",
        "type": "github"
      }
    },
    "raspberry-pi-nix": {
      "inputs": {
        "libcamera-src": "libcamera-src",
        "libpisp-src": "libpisp-src",
        "nixpkgs": "nixpkgs_6",
        "rpi-bluez-firmware-src": "rpi-bluez-firmware-src",
        "rpi-firmware-nonfree-src": "rpi-firmware-nonfree-src",
        "rpi-firmware-src": "rpi-firmware-src",
        "rpi-linux-6_12_17-src": "rpi-linux-6_12_17-src",
        "rpi-linux-6_6_78-src": "rpi-linux-6_6_78-src",
        "rpi-linux-stable-src": "rpi-linux-stable-src",
        "rpicam-apps-src": "rpicam-apps-src"
      },
      "locked": {
        "lastModified": 1742223591,
        "narHash": "sha256-ZNTz8r5jlJ1jvpqf5+aUYgpnYJSVX0iP14doOc1Hm0E=",
        "owner": "nix-community",
        "repo": "raspberry-pi-nix",
        "rev": "3e8100d5e976a6a2be363015cb33463af9ef441a",
        "type": "github"
      },
      "original": {
        "owner": "nix-community",
        "repo": "raspberry-pi-nix",
        "type": "github"
      }
    },
    "root": {
      "inputs": {
        "agenix": "agenix",
        "album-downloader": "album-downloader",
        "christiansandberg-website": "christiansandberg-website",
        "disko": "disko",
        "headplane": "headplane",
        "hetzner_ddns": "hetzner_ddns",
        "hjem": "hjem",
        "hjem-impure": "hjem-impure",
        "nixpkgs": "nixpkgs_4",
        "nixpkgs-unstable": "nixpkgs-unstable",
        "noctalia": "noctalia",
        "noctalia-greeter": "noctalia-greeter",
        "raspberry-pi-nix": "raspberry-pi-nix",
        "zen-browser": "zen-browser"
      }
    },
    "rpi-bluez-firmware-src": {
      "flake": false,
      "locked": {
        "lastModified": 1708969706,
        "narHash": "sha256-KakKnOBeWxh0exu44beZ7cbr5ni4RA9vkWYb9sGMb8Q=",
        "owner": "RPi-Distro",
        "repo": "bluez-firmware",
        "rev": "78d6a07730e2d20c035899521ab67726dc028e1c",
        "type": "github"
      },
      "original": {
        "owner": "RPi-Distro",
        "ref": "bookworm",
        "repo": "bluez-firmware",
        "type": "github"
      }
    },
    "rpi-firmware-nonfree-src": {
      "flake": false,
      "locked": {
        "lastModified": 1723266537,
        "narHash": "sha256-T7eTKXqY9cxEMdab8Snda4CEOrEihy5uOhA6Fy+Mhnw=",
        "owner": "RPi-Distro",
        "repo": "firmware-nonfree",
        "rev": "4b356e134e8333d073bd3802d767a825adec3807",
        "type": "github"
      },
      "original": {
        "owner": "RPi-Distro",
        "ref": "bookworm",
        "repo": "firmware-nonfree",
        "type": "github"
      }
    },
    "rpi-firmware-src": {
      "flake": false,
      "locked": {
        "lastModified": 1728405098,
        "narHash": "sha256-4gnK0KbqFnjBmWia9Jt2gveVWftmHrprpwBqYVqE/k0=",
        "owner": "raspberrypi",
        "repo": "firmware",
        "rev": "7bbb5f80d20a2335066a8781459c9f33e5eebc64",
        "type": "github"
      },
      "original": {
        "owner": "raspberrypi",
        "ref": "1.20241008",
        "repo": "firmware",
        "type": "github"
      }
    },
    "rpi-linux-6_12_17-src": {
      "flake": false,
      "locked": {
        "lastModified": 1740765145,
        "narHash": "sha256-hoCsGc4+RC/2LmxDtswLBL5ZhWlw4vSiL4Vkl39r2MU=",
        "owner": "raspberrypi",
        "repo": "linux",
        "rev": "5985ce32e511f4e8279a841a1b06a8c7d972b386",
        "type": "github"
      },
      "original": {
        "owner": "raspberrypi",
        "ref": "rpi-6.12.y",
        "repo": "linux",
        "type": "github"
      }
    },
    "rpi-linux-6_6_78-src": {
      "flake": false,
      "locked": {
        "lastModified": 1740503700,
        "narHash": "sha256-Y8+ot4Yi3UKwlZK3ap15rZZ16VZDvmeFkD46+6Ku7bE=",
        "owner": "raspberrypi",
        "repo": "linux",
        "rev": "2e071057fded90e789c0101498e45a1778be93fe",
        "type": "github"
      },
      "original": {
        "owner": "raspberrypi",
        "ref": "rpi-6.6.y",
        "repo": "linux",
        "type": "github"
      }
    },
    "rpi-linux-stable-src": {
      "flake": false,
      "locked": {
        "lastModified": 1728403745,
        "narHash": "sha256-phCxkuO+jUGZkfzSrBq6yErQeO2Td+inIGHxctXbD5U=",
        "owner": "raspberrypi",
        "repo": "linux",
        "rev": "5aeecea9f4a45248bcf564dec924965e066a7bfd",
        "type": "github"
      },
      "original": {
        "owner": "raspberrypi",
        "ref": "stable_20241008",
        "repo": "linux",
        "type": "github"
      }
    },
    "rpicam-apps-src": {
      "flake": false,
      "locked": {
        "lastModified": 1727515047,
        "narHash": "sha256-qCYGrcibOeGztxf+sd44lD6VAOGoUNwRqZDdAmcTa/U=",
        "owner": "raspberrypi",
        "repo": "rpicam-apps",
        "rev": "a8ccf9f3cd9df49875dfb834a2b490d41d226031",
        "type": "github"
      },
      "original": {
        "owner": "raspberrypi",
        "ref": "v1.5.2",
        "repo": "rpicam-apps",
        "type": "github"
      }
    },
    "rust-analyzer-src": {
      "flake": false,
      "locked": {
        "lastModified": 1734948743,
        "narHash": "sha256-UQ5humzfowEqBwLq0Er6hrx6ewZfKHRGEb+M0fO1pv4=",
        "owner": "rust-lang",
        "repo": "rust-analyzer",
        "rev": "80c97cab43b0a41c87d073361e3073787b3e9173",
        "type": "github"
      },
      "original": {
        "owner": "rust-lang",
        "ref": "nightly",
        "repo": "rust-analyzer",
        "type": "github"
      }
    },
    "systems": {
      "locked": {
        "lastModified": 1681028828,
        "narHash": "sha256-Vy1rq5AaRuLzOxct8nz4T6wlgyUR7zLU309k9mBC768=",
        "owner": "nix-systems",
        "repo": "default",
        "rev": "da67096a3b9bf56a91d16901293e51ba5b49a27e",
        "type": "github"
      },
      "original": {
        "owner": "nix-systems",
        "repo": "default",
        "type": "github"
      }
    },
    "systems_2": {
      "locked": {
        "lastModified": 1681028828,
        "narHash": "sha256-Vy1rq5AaRuLzOxct8nz4T6wlgyUR7zLU309k9mBC768=",
        "owner": "nix-systems",
        "repo": "default",
        "rev": "da67096a3b9bf56a91d16901293e51ba5b49a27e",
        "type": "github"
      },
      "original": {
        "owner": "nix-systems",
        "repo": "default",
        "type": "github"
      }
    },
    "zen-browser": {
      "inputs": {
        "nixpkgs": [
          "nixpkgs"
        ]
      },
      "locked": {
        "lastModified": 1788083005,
        "narHash": "sha256-e6U3sXUlu/QzZyJp/+ymW8s57Jbdb7bwT9+WaTAhHfQ=",
        "owner": "youwen5",
        "repo": "zen-browser-flake",
        "rev": "afbbbef7c3c00f160f4a9dfdd8c6c6b8b089a33f",
        "type": "github"
      },
      "original": {
        "owner": "youwen5",
        "repo": "zen-browser-flake",
        "type": "github"
      }
    }
  },
  "root": "root",
  "version": 7
}
